
Microsoft Visual Studio Solution File, Format Version 12.00
# Visual Studio 2013
VisualStudioVersion = 12.0.31101.0
MinimumVisualStudioVersion = 10.0.40219.1
Project("{FAE04EC0-301F-11D3-BF4B-00C04F79EFBC}") = "Offline.Mvc", "Offline.Mvc\Offline.Mvc.csproj", "{67B1F0B8-7D75-43BB-A365-9487A76276EA}"
EndProject
Project("{FAE04EC0-301F-11D3-BF4B-00C04F79EFBC}") = "Offline.WebApi", "Offline.WebApi\Offline.WebApi.csproj", "{B0CE7FCD-E898-46AF-A581-4E1F1677C69F}"
EndProject
Project("{FAE04EC0-301F-11D3-BF4B-00C04F79EFBC}") = "Offline.Service", "Offline.Services\Offline.Service.csproj", "{34B919FD-E80C-4A5D-BA25-958A2AE71364}"
EndProject
Project("{FAE04EC0-301F-11D3-BF4B-00C04F79EFBC}") = "Offline.Service.Interface", "Offline.Service.Interface\Offline.Service.Interface.csproj", "{83D394D2-3177-4136-950B-D8FBE034CE54}"
EndProject
Project("{FAE04EC0-301F-11D3-BF4B-00C04F79EFBC}") = "Offline.Infrastructure", "Offline.Infrastructure\Offline.Infrastructure.csproj", "{BD150EAB-699D-4FDC-A9AE-F76015B2FAE2}"
EndProject
Project("{FAE04EC0-301F-11D3-BF4B-00C04F79EFBC}") = "Offline.Data", "Offline.DataService\Offline.Data.csproj", "{E61730E9-8724-48BE-A0D1-4DC6C84272F2}"
EndProject
Project("{FAE04EC0-301F-11D3-BF4B-00C04F79EFBC}") = "Offline.Core", "Offline.Core\Offline.Core.csproj", "{2B95987F-7A8D-4438-808F-41D5318368D8}"
EndProject
Global
	GlobalSection(SolutionConfigurationPlatforms) = preSolution
		Debug|Any CPU = Debug|Any CPU
		Release|Any CPU = Release|Any CPU
	EndGlobalSection
	GlobalSection(ProjectConfigurationPlatforms) = postSolution
		{67B1F0B8-7D75-43BB-A365-9487A76276EA}.Debug|Any CPU.ActiveCfg = Debug|Any CPU
		{67B1F0B8-7D75-43BB-A365-9487A76276EA}.Debug|Any CPU.Build.0 = Debug|Any CPU
		{67B1F0B8-7D75-43BB-A365-9487A76276EA}.Release|Any CPU.ActiveCfg = Release|Any CPU
		{67B1F0B8-7D75-43BB-A365-9487A76276EA}.Release|Any CPU.Build.0 = Release|Any CPU
		{B0CE7FCD-E898-46AF-A581-4E1F1677C69F}.Debug|Any CPU.ActiveCfg = Debug|Any CPU
		{B0CE7FCD-E898-46AF-A581-4E1F1677C69F}.Debug|Any CPU.Build.0 = Debug|Any CPU
		{B0CE7FCD-E898-46AF-A581-4E1F1677C69F}.Release|Any CPU.ActiveCfg = Release|Any CPU
		{B0CE7FCD-E898-46AF-A581-4E1F1677C69F}.Release|Any CPU.Build.0 = Release|Any CPU
		{34B919FD-E80C-4A5D-BA25-958A2AE71364}.Debug|Any CPU.ActiveCfg = Debug|Any CPU
		{34B919FD-E80C-4A5D-BA25-958A2AE71364}.Debug|Any CPU.Build.0 = Debug|Any CPU
		{34B919FD-E80C-4A5D-BA25-958A2AE71364}.Release|Any CPU.ActiveCfg = Release|Any CPU
		{34B919FD-E80C-4A5D-BA25-958A2AE71364}.Release|Any CPU.Build.0 = Release|Any CPU
		{83D394D2-3177-4136-950B-D8FBE034CE54}.Debug|Any CPU.ActiveCfg = Debug|Any CPU
		{83D394D2-3177-4136-950B-D8FBE034CE54}.Debug|Any CPU.Build.0 = Debug|Any CPU
		{83D394D2-3177-4136-950B-D8FBE034CE54}.Release|Any CPU.ActiveCfg = Release|Any CPU
		{83D394D2-3177-4136-950B-D8FBE034CE54}.Release|Any CPU.Build.0 = Release|Any CPU
		{BD150EAB-699D-4FDC-A9AE-F76015B2FAE2}.Debug|Any CPU.ActiveCfg = Debug|Any CPU
		{BD150EAB-699D-4FDC-A9AE-F76015B2FAE2}.Debug|Any CPU.Build.0 = Debug|Any CPU
		{BD150EAB-699D-4FDC-A9AE-F76015B2FAE2}.Release|Any CPU.ActiveCfg = Release|Any CPU
		{BD150EAB-699D-4FDC-A9AE-F76015B2FAE2}.Release|Any CPU.Build.0 = Release|Any CPU
		{E61730E9-8724-48BE-A0D1-4DC6C84272F2}.Debug|Any CPU.ActiveCfg = Debug|Any CPU
		{E61730E9-8724-48BE-A0D1-4DC6C84272F2}.Debug|Any CPU.Build.0 = Debug|Any CPU
		{E61730E9-8724-48BE-A0D1-4DC6C84272F2}.Release|Any CPU.ActiveCfg = Release|Any CPU
		{E61730E9-8724-48BE-A0D1-4DC6C84272F2}.Release|Any CPU.Build.0 = Release|Any CPU
		{2B95987F-7A8D-4438-808F-41D5318368D8}.Debug|Any CPU.ActiveCfg = Debug|Any CPU
		{2B95987F-7A8D-4438-808F-41D5318368D8}.Debug|Any CPU.Build.0 = Debug|Any CPU
		{2B95987F-7A8D-4438-808F-41D5318368D8}.Release|Any CPU.ActiveCfg = Release|Any CPU
		{2B95987F-7A8D-4438-808F-41D5318368D8}.Release|Any CPU.Build.0 = Release|Any CPU
	EndGlobalSection
	GlobalSection(SolutionProperties) = preSolution
		HideSolutionNode = FALSE
	EndGlobalSection
EndGlobal
